
Microsoft Visual Studio Solution File, Format Version 12.00
# Visual Studio Version 16
VisualStudioVersion = 16.0.30711.63
MinimumVisualStudioVersion = 10.0.40219.1
Project("{FAE04EC0-301F-11D3-BF4B-00C04F79EFBC}") = "s5connector", "s5connector.csproj", "{9AA586A8-D14E-4301-87A6-C7BB0AD5439B}"
EndProject
Global
	GlobalSection(SolutionConfigurationPlatforms) = preSolution
		Debug|Any CPU = Debug|Any CPU
		Release|Any CPU = Release|Any CPU
	EndGlobalSection
	GlobalSection(ProjectConfigurationPlatforms) = postSolution
		{9AA586A8-D14E-4301-87A6-C7BB0AD5439B}.Debug|Any CPU.ActiveCfg = Debug|Any CPU
		{9AA586A8-D14E-4301-87A6-C7BB0AD5439B}.Debug|Any CPU.Build.0 = Debug|Any CPU
		{9AA586A8-D14E-4301-87A6-C7BB0AD5439B}.Release|Any CPU.ActiveCfg = Release|Any CPU
		{9AA586A8-D14E-4301-87A6-C7BB0AD5439B}.Release|Any CPU.Build.0 = Release|Any CPU
	EndGlobalSection
	GlobalSection(SolutionProperties) = preSolution
		HideSolutionNode = FALSE
	EndGlobalSection
	GlobalSection(ExtensibilityGlobals) = postSolution
		SolutionGuid = {A3F9330A-3F3A-4E02-9F95-8D432F314D6B}
	EndGlobalSection
EndGlobal
